lockfileVersion: '6.0'

settings:
  autoInstallPeers: true
  excludeLinksFromLockfile: false

dependencies:
  '@types/moment-timezone':
    specifier: 0.5.4
    version: 0.5.4
  '@types/node-fetch':
    specifier: ^2.5.0
    version: 2.5.0
  abortcontroller-polyfill:
    specifier: 1.3.0
    version: 1.3.0
  apollo-cache-inmemory:
    specifier: ^1.6.5
    version: 1.6.5(graphql@14.7.0)
  apollo-client:
    specifier: ^2.6.8
    version: 2.6.8(graphql@14.7.0)
  apollo-link-http:
    specifier: ^1.5.16
    version: 1.5.16(graphql@14.7.0)
  graphql-tag:
    specifier: ^2.10.3
    version: 2.10.3(graphql@14.7.0)
  moment:
    specifier: 2.24.0
    version: 2.24.0
  moment-timezone:
    specifier: 0.5.26
    version: 0.5.26
  node-fetch:
    specifier: ^2.6.1
    version: 2.6.1

packages:

  /@types/moment-timezone@0.5.4:
    resolution: {integrity: sha512-GXWxTNJaN6A6CSa7+8a0ZGN5yGozW3So7fFHrXE/1c976Nx4hv2470Bx/q6/nmNNOYbcuKT61P0kRNf4cQTirw==}
    dependencies:
      moment: 2.24.0
    dev: false

  /@types/node-fetch@2.5.0:
    resolution: {integrity: sha512-TLFRywthBgL68auWj+ziWu+vnmmcHCDFC/sqCOQf1xTz4hRq8cu79z8CtHU9lncExGBsB8fXA4TiLDLt6xvMzw==}
    dependencies:
      '@types/node': 13.9.0
    dev: false

  /@types/node@13.9.0:
    resolution: {integrity: sha512-0ARSQootUG1RljH2HncpsY2TJBfGQIKOOi7kxzUY6z54ePu/ZD+wJA8zI2Q6v8rol2qpG/rvqsReco8zNMPvhQ==}
    dev: false

  /@types/zen-observable@0.8.0:
    resolution: {integrity: sha512-te5lMAWii1uEJ4FwLjzdlbw3+n0FZNOvFXHxQDKeT0dilh7HOzdMzV2TrJVUzq8ep7J4Na8OUYPRLSQkJHAlrg==}
    dev: false

  /@wry/context@0.4.4:
    resolution: {integrity: sha512-LrKVLove/zw6h2Md/KZyWxIkFM6AoyKp71OqpH9Hiip1csjPVoD3tPxlbQUNxEnHENks3UGgNpSBCAfq9KWuag==}
    dependencies:
      '@types/node': 13.9.0
      tslib: 1.11.1
    dev: false

  /@wry/equality@0.1.9:
    resolution: {integrity: sha512-mB6ceGjpMGz1ZTza8HYnrPGos2mC6So4NhS1PtZ8s4Qt0K7fBiIGhpSxUbQmhwcSWE3no+bYxmI2OL6KuXYmoQ==}
    dependencies:
      tslib: 1.11.1
    dev: false

  /abortcontroller-polyfill@1.3.0:
    resolution: {integrity: sha512-lbWQgf+eRvku3va8poBlDBO12FigTQr9Zb7NIjXrePrhxWVKdCP2wbDl1tLDaYa18PWTom3UEWwdH13S46I+yA==}
    dev: false

  /apollo-cache-inmemory@1.6.5(graphql@14.7.0):
    resolution: {integrity: sha512-koB76JUDJaycfejHmrXBbWIN9pRKM0Z9CJGQcBzIOtmte1JhEBSuzsOUu7NQgiXKYI4iGoMREcnaWffsosZynA==}
    peerDependencies:
      graphql: 0.11.7 || ^0.12.0 || ^0.13.0 || ^14.0.0
    dependencies:
      apollo-cache: 1.3.4(graphql@14.7.0)
      apollo-utilities: 1.3.3(graphql@14.7.0)
      graphql: 14.7.0
      optimism: 0.10.3
      ts-invariant: 0.4.4
      tslib: 1.11.1
    dev: false

  /apollo-cache@1.3.4(graphql@14.7.0):
    resolution: {integrity: sha512-7X5aGbqaOWYG+SSkCzJNHTz2ZKDcyRwtmvW4mGVLRqdQs+HxfXS4dUS2CcwrAj449se6tZ6NLUMnjko4KMt3KA==}
    peerDependencies:
      graphql: ^0.11.0 || ^0.12.0 || ^0.13.0 || ^14.0.0
    dependencies:
      apollo-utilities: 1.3.3(graphql@14.7.0)
      graphql: 14.7.0
      tslib: 1.11.1
    dev: false

  /apollo-client@2.6.8(graphql@14.7.0):
    resolution: {integrity: sha512-0zvJtAcONiozpa5z5zgou83iEKkBaXhhSSXJebFHRXs100SecDojyUWKjwTtBPn9HbM6o5xrvC5mo9VQ5fgAjw==}
    peerDependencies:
      graphql: ^0.11.0 || ^0.12.0 || ^0.13.0 || ^14.0.0
    dependencies:
      '@types/zen-observable': 0.8.0
      apollo-cache: 1.3.4(graphql@14.7.0)
      apollo-link: 1.2.13(graphql@14.7.0)
      apollo-utilities: 1.3.3(graphql@14.7.0)
      graphql: 14.7.0
      symbol-observable: 1.2.0
      ts-invariant: 0.4.4
      tslib: 1.11.1
      zen-observable: 0.8.15
    dev: false

  /apollo-link-http-common@0.2.15(graphql@14.7.0):
    resolution: {integrity: sha512-+Heey4S2IPsPyTf8Ag3PugUupASJMW894iVps6hXbvwtg1aHSNMXUYO5VG7iRHkPzqpuzT4HMBanCTXPjtGzxg==}
    peerDependencies:
      graphql: ^0.11.0 || ^0.12.0 || ^0.13.0 || ^14.0.0
    dependencies:
      apollo-link: 1.2.13(graphql@14.7.0)
      graphql: 14.7.0
      ts-invariant: 0.4.4
      tslib: 1.11.1
    dev: false

  /apollo-link-http@1.5.16(graphql@14.7.0):
    resolution: {integrity: sha512-IA3xA/OcrOzINRZEECI6IdhRp/Twom5X5L9jMehfzEo2AXdeRwAMlH5LuvTZHgKD8V1MBnXdM6YXawXkTDSmJw==}
    peerDependencies:
      graphql: ^0.11.0 || ^0.12.0 || ^0.13.0 || ^14.0.0
    dependencies:
      apollo-link: 1.2.13(graphql@14.7.0)
      apollo-link-http-common: 0.2.15(graphql@14.7.0)
      graphql: 14.7.0
      tslib: 1.11.1
    dev: false

  /apollo-link@1.2.13(graphql@14.7.0):
    resolution: {integrity: sha512-+iBMcYeevMm1JpYgwDEIDt/y0BB7VWyvlm/7x+TIPNLHCTCMgcEgDuW5kH86iQZWo0I7mNwQiTOz+/3ShPFmBw==}
    peerDependencies:
      graphql: ^0.11.3 || ^0.12.3 || ^0.13.0 || ^14.0.0
    dependencies:
      apollo-utilities: 1.3.3(graphql@14.7.0)
      graphql: 14.7.0
      ts-invariant: 0.4.4
      tslib: 1.11.1
      zen-observable-ts: 0.8.20
    dev: false

  /apollo-utilities@1.3.3(graphql@14.7.0):
    resolution: {integrity: sha512-F14aX2R/fKNYMvhuP2t9GD9fggID7zp5I96MF5QeKYWDWTrkRdHRp4+SVfXUVN+cXOaB/IebfvRtzPf25CM0zw==}
    peerDependencies:
      graphql: ^0.11.0 || ^0.12.0 || ^0.13.0 || ^14.0.0
    dependencies:
      '@wry/equality': 0.1.9
      fast-json-stable-stringify: 2.1.0
      graphql: 14.7.0
      ts-invariant: 0.4.4
      tslib: 1.11.1
    dev: false

  /fast-json-stable-stringify@2.1.0:
    resolution: {integrity: sha512-lhd/wF+Lk98HZoTCtlVraHtfh5XYijIjalXck7saUtuanSDyLMxnHhSXEDJqHxD7msR8D0uCmqlkwjCV8xvwHw==}
    dev: false

  /graphql-tag@2.10.3(graphql@14.7.0):
    resolution: {integrity: sha512-4FOv3ZKfA4WdOKJeHdz6B3F/vxBLSgmBcGeAFPf4n1F64ltJUvOOerNj0rsJxONQGdhUMynQIvd6LzB+1J5oKA==}
    peerDependencies:
      graphql: ^0.9.0 || ^0.10.0 || ^0.11.0 || ^0.12.0 || ^0.13.0 || ^14.0.0
    dependencies:
      graphql: 14.7.0
    dev: false

  /graphql@14.7.0:
    resolution: {integrity: sha512-l0xWZpoPKpppFzMfvVyFmp9vLN7w/ZZJPefUicMCepfJeQ8sMcztloGYY9DfjVPo6tIUDzU5Hw3MUbIjj9AVVA==}
    engines: {node: '>= 6.x'}
    dependencies:
      iterall: 1.3.0
    dev: false

  /iterall@1.3.0:
    resolution: {integrity: sha512-QZ9qOMdF+QLHxy1QIpUHUU1D5pS2CG2P69LF6L6CPjPYA/XMOmKV3PZpawHoAjHNyB0swdVTRxdYT4tbBbxqwg==}
    dev: false

  /moment-timezone@0.5.26:
    resolution: {integrity: sha512-sFP4cgEKTCymBBKgoxZjYzlSovC20Y6J7y3nanDc5RoBIXKlZhoYwBoZGe3flwU6A372AcRwScH8KiwV6zjy1g==}
    dependencies:
      moment: 2.24.0
    dev: false

  /moment@2.24.0:
    resolution: {integrity: sha512-bV7f+6l2QigeBBZSM/6yTNq4P2fNpSWj/0e7jQcy87A8e7o2nAfP/34/2ky5Vw4B9S446EtIhodAzkFCcR4dQg==}
    dev: false

  /node-fetch@2.6.1:
    resolution: {integrity: sha512-V4aYg89jEoVRxRb2fJdAg8FHvI7cEyYdVAh94HH0UIK8oJxUfkjlDQN9RbMx+bEjP7+ggMiFRprSti032Oipxw==}
    engines: {node: 4.x || >=6.0.0}
    dev: false

  /optimism@0.10.3:
    resolution: {integrity: sha512-9A5pqGoQk49H6Vhjb9kPgAeeECfUDF6aIICbMDL23kDLStBn1MWk3YvcZ4xWF9CsSf6XEgvRLkXy4xof/56vVw==}
    dependencies:
      '@wry/context': 0.4.4
    dev: false

  /symbol-observable@1.2.0:
    resolution: {integrity: sha512-e900nM8RRtGhlV36KGEU9k65K3mPb1WV70OdjfxlG2EAuM1noi/E/BaW/uMhL7bPEssK8QV57vN3esixjUvcXQ==}
    engines: {node: '>=0.10.0'}
    dev: false

  /ts-invariant@0.4.4:
    resolution: {integrity: sha512-uEtWkFM/sdZvRNNDL3Ehu4WVpwaulhwQszV8mrtcdeE8nN00BV9mAmQ88RkrBhFgl9gMgvjJLAQcZbnPXI9mlA==}
    dependencies:
      tslib: 1.11.1
    dev: false

  /tslib@1.11.1:
    resolution: {integrity: sha512-aZW88SY8kQbU7gpV19lN24LtXh/yD4ZZg6qieAJDDg+YBsJcSmLGK9QpnUjAKVG/xefmvJGd1WUmfpT/g6AJGA==}
    dev: false

  /zen-observable-ts@0.8.20:
    resolution: {integrity: sha512-2rkjiPALhOtRaDX6pWyNqK1fnP5KkJJybYebopNSn6wDG1lxBoFs2+nwwXKoA6glHIrtwrfBBy6da0stkKtTAA==}
    dependencies:
      tslib: 1.11.1
      zen-observable: 0.8.15
    dev: false

  /zen-observable@0.8.15:
    resolution: {integrity: sha512-PQ2PC7R9rslx84ndNBZB/Dkv8V8fZEpk83RLgXtYd0fwUgEjseMn1Dgajh2x6S8QbZAFa9p2qVCEuYZNgve0dQ==}
    dev: false
