
Microsoft Visual Studio Solution File, Format Version 12.00
# Visual Studio 15
VisualStudioVersion = 15.0.27130.2026
MinimumVisualStudioVersion = 10.0.40219.1
Project("{FAE04EC0-301F-11D3-BF4B-00C04F79EFBC}") = "BaseballTheater", "BaseballTheater\BaseballTheater.csproj", "{542EDDD7-AFE1-4867-8C24-9D210FDE5AA2}"
EndProject
Project("{FAE04EC0-301F-11D3-BF4B-00C04F79EFBC}") = "MlbDataServer", "MlbDataServer\MlbDataServer.csproj", "{ACF910FE-C059-4EEE-BEDC-E7F4EB6E8906}"
EndProject
Project("{FAE04EC0-301F-11D3-BF4B-00C04F79EFBC}") = "Populator", "Populator\Populator.csproj", "{95CF7312-7F53-42BE-AE41-51C8229A0E16}"
EndProject
Project("{FAE04EC0-301F-11D3-BF4B-00C04F79EFBC}") = "MlbDataMux", "MlbDataMux\MlbDataMux.csproj", "{56889FB2-3890-4A88-A415-9CE40DC053CE}"
EndProject
Project("{9A19103F-16F7-4668-BE54-9A1E7A4F7556}") = "Common", "Common\Common.csproj", "{43C780E2-4E6E-4247-B03A-4796405B87CD}"
EndProject
Project("{9A19103F-16F7-4668-BE54-9A1E7A4F7556}") = "BaseballTheaterCore", "BaseballTheaterCore\BaseballTheaterCore.csproj", "{01FAD396-57B1-4A37-A992-F51B289F1639}"
EndProject
Global
	GlobalSection(SolutionConfigurationPlatforms) = preSolution
		Debug|Any CPU = Debug|Any CPU
		Release|Any CPU = Release|Any CPU
	EndGlobalSection
	GlobalSection(ProjectConfigurationPlatforms) = postSolution
		{542EDDD7-AFE1-4867-8C24-9D210FDE5AA2}.Debug|Any CPU.ActiveCfg = Debug|Any CPU
		{542EDDD7-AFE1-4867-8C24-9D210FDE5AA2}.Debug|Any CPU.Build.0 = Debug|Any CPU
		{542EDDD7-AFE1-4867-8C24-9D210FDE5AA2}.Release|Any CPU.ActiveCfg = Release|Any CPU
		{542EDDD7-AFE1-4867-8C24-9D210FDE5AA2}.Release|Any CPU.Build.0 = Release|Any CPU
		{ACF910FE-C059-4EEE-BEDC-E7F4EB6E8906}.Debug|Any CPU.ActiveCfg = Debug|Any CPU
		{ACF910FE-C059-4EEE-BEDC-E7F4EB6E8906}.Debug|Any CPU.Build.0 = Debug|Any CPU
		{ACF910FE-C059-4EEE-BEDC-E7F4EB6E8906}.Release|Any CPU.ActiveCfg = Release|Any CPU
		{ACF910FE-C059-4EEE-BEDC-E7F4EB6E8906}.Release|Any CPU.Build.0 = Release|Any CPU
		{95CF7312-7F53-42BE-AE41-51C8229A0E16}.Debug|Any CPU.ActiveCfg = Debug|Any CPU
		{95CF7312-7F53-42BE-AE41-51C8229A0E16}.Debug|Any CPU.Build.0 = Debug|Any CPU
		{95CF7312-7F53-42BE-AE41-51C8229A0E16}.Release|Any CPU.ActiveCfg = Release|Any CPU
		{95CF7312-7F53-42BE-AE41-51C8229A0E16}.Release|Any CPU.Build.0 = Release|Any CPU
		{56889FB2-3890-4A88-A415-9CE40DC053CE}.Debug|Any CPU.ActiveCfg = Debug|Any CPU
		{56889FB2-3890-4A88-A415-9CE40DC053CE}.Debug|Any CPU.Build.0 = Debug|Any CPU
		{56889FB2-3890-4A88-A415-9CE40DC053CE}.Release|Any CPU.ActiveCfg = Release|Any CPU
		{56889FB2-3890-4A88-A415-9CE40DC053CE}.Release|Any CPU.Build.0 = Release|Any CPU
		{43C780E2-4E6E-4247-B03A-4796405B87CD}.Debug|Any CPU.ActiveCfg = Debug|Any CPU
		{43C780E2-4E6E-4247-B03A-4796405B87CD}.Debug|Any CPU.Build.0 = Debug|Any CPU
		{43C780E2-4E6E-4247-B03A-4796405B87CD}.Release|Any CPU.ActiveCfg = Release|Any CPU
		{43C780E2-4E6E-4247-B03A-4796405B87CD}.Release|Any CPU.Build.0 = Release|Any CPU
		{01FAD396-57B1-4A37-A992-F51B289F1639}.Debug|Any CPU.ActiveCfg = Debug|Any CPU
		{01FAD396-57B1-4A37-A992-F51B289F1639}.Debug|Any CPU.Build.0 = Debug|Any CPU
		{01FAD396-57B1-4A37-A992-F51B289F1639}.Release|Any CPU.ActiveCfg = Release|Any CPU
		{01FAD396-57B1-4A37-A992-F51B289F1639}.Release|Any CPU.Build.0 = Release|Any CPU
	EndGlobalSection
	GlobalSection(SolutionProperties) = preSolution
		HideSolutionNode = FALSE
	EndGlobalSection
	GlobalSection(ExtensibilityGlobals) = postSolution
		SolutionGuid = {2D723112-6C3B-46DF-AFDF-6D386A228A0C}
	EndGlobalSection
EndGlobal
